Microsoft Visual Studio Solution File, Format Version 11.00
# Visual Studio 2010
Project("{FAE04EC0-301F-11D3-BF4B-00C04F79EFBC}") = "AdjustSeriesPointLabels", "AdjustSeriesPointLabels\AdjustSeriesPointLabels.csproj", "{DF6AD920-3436-4B5F-9D48-1BC71ACFA63D}"
EndProject
Global
	GlobalSection(SolutionConfigurationPlatforms) = preSolution
		Debug|Any CPU = Debug|Any CPU
		Release|Any CPU = Release|Any CPU
	EndGlobalSection
	GlobalSection(ProjectConfigurationPlatforms) = postSolution
		{DF6AD920-3436-4B5F-9D48-1BC71ACFA63D}.Debug|Any CPU.ActiveCfg = Debug|Any CPU
		{DF6AD920-3436-4B5F-9D48-1BC71ACFA63D}.Debug|Any CPU.Build.0 = Debug|Any CPU
		{DF6AD920-3436-4B5F-9D48-1BC71ACFA63D}.Release|Any CPU.ActiveCfg = Release|Any CPU
		{DF6AD920-3436-4B5F-9D48-1BC71ACFA63D}.Release|Any CPU.Build.0 = Release|Any CPU
	EndGlobalSection
	GlobalSection(SolutionProperties) = preSolution
		HideSolutionNode = FALSE
	EndGlobalSection
EndGlobal
